[[package]]
name = "httpx"
version = "0.23.0"
description = "The next generation HTTP client."
category = "main"
optional = false
python-versions = "*"

[package.dependencies]
idna = ">=2.8"
sniffio = ">=1.1"
typing-extensions = {version = "*", markers = "python_version < \"3.8\""}

[package.extras]
doc = ["packaging", "sphinx-rtd-theme", "sphinx-autodoc-typehints (>=1.2.0)"]
test = ["coverage[toml] (>=4.5)", "hypothesis (>=4.0)", "pytest (>=7.0)", "pytest-mock (>=3.6.1)", "trustme", "contextlib2", "uvloop (<0.15)", "mock (>=4)", "uvloop (>=0.15)"]
trio = ["trio (>=0.16,<0.22)"]

[package.dependencies]
colorama = {version = "*", markers = "platform_system == \"Windows\""}
importlib-metadata = {version = "*", markers = "python_version < \"3.8\""}

[[package]]
name = "pycryptodomex"
version = "3.14.1"
description = "Cryptographic library for Python"
category = "main"
optional = false
python-versions = "*"

[[package]]
name = "beautifulsoup4"
version = "4.10.0"
description = "Screen-scraping library"
category = "main"
optional = false
python-versions = "*"

[[package]]
name = "colorama"
version = "0.4.5"
description = "Cross-platform colored terminal text."
category = "main"
optional = false
python-versions = "*"

[[package]]
name = "krfzf-py"
version = "^0.0.4"
description = "Fzf.py - A Pythonic Fzf Wrapper"
category = "main"
optional = false
python-versions = "*"

[metadata]
lock-version = "1.1"
python-versions = ">=3.7,<4.0"
content-hash = "31e45dd34db9b477fb63466636cd176fe09ead333b87e1d2ee5d9cf51383516a"

[metadata.files]
httpx = []
pycryptodomex = []
beautifulsoup4 = []
colorama = []
krfzf-py = []
importlib-metadata = []
idna = []
sniffio = []
typing-extensions = []
